// !$*UTF8*$!
{
	archiveVersion = 1;
	classes = {
	};
	objectVersion = 77;
	objects = {

/* Begin PBXBuildFile section */
		11C4DC91DB7823D380CD190E /* ExtraKeysView.swift in Sources */ = {isa = PBXBuildFile; fileRef = 997FCA12B10C25C9CB97B075 /* ExtraKeysView.swift */; };
		12207A3BD8CCEDC47FB48765 /* SSHSession.swift in Sources */ = {isa = PBXBuildFile; fileRef = 4772414CC65722C3C25D0860 /* SSHSession.swift */; };
		18FA6FEA2CF3F4147095BADD /* ConnectionListView.swift in Sources */ = {isa = PBXBuildFile; fileRef = EE26CC5BEAEC0333CAE50B50 /* ConnectionListView.swift */; };
		1EE7A516D78A3BED75070F51 /* ConnectionProfile.swift in Sources */ = {isa = PBXBuildFile; fileRef = FC09A624D84D7692F5B348F4 /* ConnectionProfile.swift */; };
		2061799C55A45E3F00365D9C /* TmuxService.swift in Sources */ = {isa = PBXBuildFile; fileRef = 14A73AD48083E16C271BE098 /* TmuxService.swift */; };
		2A83F96C43778DEAD96242FD /* ContentView.swift in Sources */ = {isa = PBXBuildFile; fileRef = 34A65AD0AFED47311E6D167B /* ContentView.swift */; };
		2AEC83726A4F5873AF474E94 /* AppSettings.swift in Sources */ = {isa = PBXBuildFile; fileRef = 26D05DA878BE9BBDBF5ADE11 /* AppSettings.swift */; };
		496FEA0C6D28DA457C7AE2A1 /* Citadel in Frameworks */ = {isa = PBXBuildFile; productRef = CF897CAD1A8FFC1096C6E000 /* Citadel */; };
		63B428D8E299375C4363E76E /* KeychainService.swift in Sources */ = {isa = PBXBuildFile; fileRef = 130BFE3A60EBA7017FA548C6 /* KeychainService.swift */; };
		6E646055AE492952F340D48A /* FontManager.swift in Sources */ = {isa = PBXBuildFile; fileRef = CE1ACFCA9EE47CBFADEA7C38 /* FontManager.swift */; };
		92B9AE7BF6C93FEF441B83D2 /* TerminalContainerView.swift in Sources */ = {isa = PBXBuildFile; fileRef = 4E92AE15D41269F62CD134A9 /* TerminalContainerView.swift */; };
		9451BFA8DDFD46C034D9E540 /* TmuxAttachView.swift in Sources */ = {isa = PBXBuildFile; fileRef = A6E8EEEA242FDA7536113AB6 /* TmuxAttachView.swift */; };
		A513B7E3EE94DFB9DBCA4976 /* ShinobiTermApp.swift in Sources */ = {isa = PBXBuildFile; fileRef = E97F07970261788109324294 /* ShinobiTermApp.swift */; };
		AD67D1388B126606BEBB95D6 /* SettingsView.swift in Sources */ = {isa = PBXBuildFile; fileRef = D5FBFC9C30A271871F6C06C6 /* SettingsView.swift */; };
		C7D96C3496C225E6D4891E13 /* ConnectionFormView.swift in Sources */ = {isa = PBXBuildFile; fileRef = EC3321521A940512BB919276 /* ConnectionFormView.swift */; };
		CF4BB5E4CA084CDC5F12D319 /* Assets.xcassets in Resources */ = {isa = PBXBuildFile; fileRef = CE11118F620376902A1388DE /* Assets.xcassets */; };
		DBD3F4BC548BAFD7F481D7EC /* ShinobiTerminalView.swift in Sources */ = {isa = PBXBuildFile; fileRef = BF43333A82B53B852FA8F1D8 /* ShinobiTerminalView.swift */; };
		DECF66C31C111249A8C53428 /* SwiftTerm in Frameworks */ = {isa = PBXBuildFile; productRef = 88862A6E66F0F0C815DA5821 /* SwiftTerm */; };
		F445099755E698984D90E636 /* SSHConnectionManager.swift in Sources */ = {isa = PBXBuildFile; fileRef = B06D7B66F4ACC72C1C01680B /* SSHConnectionManager.swift */; };
/* End PBXBuildFile section */

/* Begin PBXFileReference section */
		130BFE3A60EBA7017FA548C6 /* KeychainService.swift */ = {isa = PBXFileReference; lastKnownFileType = sourcecode.swift; path = KeychainService.swift; sourceTree = "<group>"; };
		14A73AD48083E16C271BE098 /* TmuxService.swift */ = {isa = PBXFileReference; lastKnownFileType = sourcecode.swift; path = TmuxService.swift; sourceTree = "<group>"; };
		26D05DA878BE9BBDBF5ADE11 /* AppSettings.swift */ = {isa = PBXFileReference; lastKnownFileType = sourcecode.swift; path = AppSettings.swift; sourceTree = "<group>"; };
		34A65AD0AFED47311E6D167B /* ContentView.swift */ = {isa = PBXFileReference; lastKnownFileType = sourcecode.swift; path = ContentView.swift; sourceTree = "<group>"; };
		4772414CC65722C3C25D0860 /* SSHSession.swift */ = {isa = PBXFileReference; lastKnownFileType = sourcecode.swift; path = SSHSession.swift; sourceTree = "<group>"; };
		4E92AE15D41269F62CD134A9 /* TerminalContainerView.swift */ = {isa = PBXFileReference; lastKnownFileType = sourcecode.swift; path = TerminalContainerView.swift; sourceTree = "<group>"; };
		767D6F3E649FAFFF41ED5F9A /* Info.plist */ = {isa = PBXFileReference; lastKnownFileType = text.plist; path = Info.plist; sourceTree = "<group>"; };
		911E4506E5EF95B0D878F11B /* ShinobiTerm.app */ = {isa = PBXFileReference; includeInIndex = 0; lastKnownFileType = wrapper.application; path = ShinobiTerm.app; sourceTree = BUILT_PRODUCTS_DIR; };
		997FCA12B10C25C9CB97B075 /* ExtraKeysView.swift */ = {isa = PBXFileReference; lastKnownFileType = sourcecode.swift; path = ExtraKeysView.swift; sourceTree = "<group>"; };
		A6E8EEEA242FDA7536113AB6 /* TmuxAttachView.swift */ = {isa = PBXFileReference; lastKnownFileType = sourcecode.swift; path = TmuxAttachView.swift; sourceTree = "<group>"; };
		B06D7B66F4ACC72C1C01680B /* SSHConnectionManager.swift */ = {isa = PBXFileReference; lastKnownFileType = sourcecode.swift; path = SSHConnectionManager.swift; sourceTree = "<group>"; };
		BF43333A82B53B852FA8F1D8 /* ShinobiTerminalView.swift */ = {isa = PBXFileReference; lastKnownFileType = sourcecode.swift; path = ShinobiTerminalView.swift; sourceTree = "<group>"; };
		CE11118F620376902A1388DE /* Assets.xcassets */ = {isa = PBXFileReference; lastKnownFileType = folder.assetcatalog; path = Assets.xcassets; sourceTree = "<group>"; };
		CE1ACFCA9EE47CBFADEA7C38 /* FontManager.swift */ = {isa = PBXFileReference; lastKnownFileType = sourcecode.swift; path = FontManager.swift; sourceTree = "<group>"; };
		D5FBFC9C30A271871F6C06C6 /* SettingsView.swift */ = {isa = PBXFileReference; lastKnownFileType = sourcecode.swift; path = SettingsView.swift; sourceTree = "<group>"; };
		E97F07970261788109324294 /* ShinobiTermApp.swift */ = {isa = PBXFileReference; lastKnownFileType = sourcecode.swift; path = ShinobiTermApp.swift; sourceTree = "<group>"; };
		EC3321521A940512BB919276 /* ConnectionFormView.swift */ = {isa = PBXFileReference; lastKnownFileType = sourcecode.swift; path = ConnectionFormView.swift; sourceTree = "<group>"; };
		EE26CC5BEAEC0333CAE50B50 /* ConnectionListView.swift */ = {isa = PBXFileReference; lastKnownFileType = sourcecode.swift; path = ConnectionListView.swift; sourceTree = "<group>"; };
		FC09A624D84D7692F5B348F4 /* ConnectionProfile.swift */ = {isa = PBXFileReference; lastKnownFileType = sourcecode.swift; path = ConnectionProfile.swift; sourceTree = "<group>"; };
/* End PBXFileReference section */

/* Begin PBXFrameworksBuildPhase section */
		92FFBF39DF6C3AC94C1309F2 /* Frameworks */ = {
			isa = PBXFrameworksBuildPhase;
			buildActionMask = 2147483647;
			files = (
				DECF66C31C111249A8C53428 /* SwiftTerm in Frameworks */,
				496FEA0C6D28DA457C7AE2A1 /* Citadel in Frameworks */,
			);
			runOnlyForDeploymentPostprocessing = 0;
		};
/* End PBXFrameworksBuildPhase section */

/* Begin PBXGroup section */
		2F0CA063FD1E4ED4EAB56A64 /* Products */ = {
			isa = PBXGroup;
			children = (
				911E4506E5EF95B0D878F11B /* ShinobiTerm.app */,
			);
			name = Products;
			sourceTree = "<group>";
		};
		466A766EF23226E3EC131878 = {
			isa = PBXGroup;
			children = (
				D18D94AE448209E9E7ABCE82 /* ShinobiTerm */,
				2F0CA063FD1E4ED4EAB56A64 /* Products */,
			);
			sourceTree = "<group>";
		};
		6666155B5D5A8212EB93B0D5 /* Services */ = {
			isa = PBXGroup;
			children = (
				CE1ACFCA9EE47CBFADEA7C38 /* FontManager.swift */,
				130BFE3A60EBA7017FA548C6 /* KeychainService.swift */,
				B06D7B66F4ACC72C1C01680B /* SSHConnectionManager.swift */,
				4772414CC65722C3C25D0860 /* SSHSession.swift */,
				14A73AD48083E16C271BE098 /* TmuxService.swift */,
			);
			path = Services;
			sourceTree = "<group>";
		};
		8BADC8D892429016034F04F9 /* Views */ = {
			isa = PBXGroup;
			children = (
				EC3321521A940512BB919276 /* ConnectionFormView.swift */,
				EE26CC5BEAEC0333CAE50B50 /* ConnectionListView.swift */,
				997FCA12B10C25C9CB97B075 /* ExtraKeysView.swift */,
				D5FBFC9C30A271871F6C06C6 /* SettingsView.swift */,
				BF43333A82B53B852FA8F1D8 /* ShinobiTerminalView.swift */,
				4E92AE15D41269F62CD134A9 /* TerminalContainerView.swift */,
				A6E8EEEA242FDA7536113AB6 /* TmuxAttachView.swift */,
			);
			path = Views;
			sourceTree = "<group>";
		};
		BAB900F87DCC9863D9643EB3 /* Models */ = {
			isa = PBXGroup;
			children = (
				26D05DA878BE9BBDBF5ADE11 /* AppSettings.swift */,
				FC09A624D84D7692F5B348F4 /* ConnectionProfile.swift */,
			);
			path = Models;
			sourceTree = "<group>";
		};
		D18D94AE448209E9E7ABCE82 /* ShinobiTerm */ = {
			isa = PBXGroup;
			children = (
				CE11118F620376902A1388DE /* Assets.xcassets */,
				34A65AD0AFED47311E6D167B /* ContentView.swift */,
				767D6F3E649FAFFF41ED5F9A /* Info.plist */,
				E97F07970261788109324294 /* ShinobiTermApp.swift */,
				BAB900F87DCC9863D9643EB3 /* Models */,
				ECDFF0431674C6FCC342E7B0 /* Resources */,
				6666155B5D5A8212EB93B0D5 /* Services */,
				8BADC8D892429016034F04F9 /* Views */,
			);
			path = ShinobiTerm;
			sourceTree = "<group>";
		};
		ECDFF0431674C6FCC342E7B0 /* Resources */ = {
			isa = PBXGroup;
			children = (
			);
			path = Resources;
			sourceTree = "<group>";
		};
/* End PBXGroup section */

/* Begin PBXNativeTarget section */
		3BC5274FA8942DAC8BF55B03 /* ShinobiTerm */ = {
			isa = PBXNativeTarget;
			buildConfigurationList = BED8AFE623FCA4B42BF78E4A /* Build configuration list for PBXNativeTarget "ShinobiTerm" */;
			buildPhases = (
				61C7E06293DC7FCB6B6D7022 /* Sources */,
				4C70EF9DB166B430A80A03F7 /* Resources */,
				92FFBF39DF6C3AC94C1309F2 /* Frameworks */,
			);
			buildRules = (
			);
			dependencies = (
			);
			name = ShinobiTerm;
			packageProductDependencies = (
				88862A6E66F0F0C815DA5821 /* SwiftTerm */,
				CF897CAD1A8FFC1096C6E000 /* Citadel */,
			);
			productName = ShinobiTerm;
			productReference = 911E4506E5EF95B0D878F11B /* ShinobiTerm.app */;
			productType = "com.apple.product-type.application";
		};
/* End PBXNativeTarget section */

/* Begin PBXProject section */
		7FCD242DA81EC0DE11771B8D /* Project object */ = {
			isa = PBXProject;
			attributes = {
				BuildIndependentTargetsInParallel = YES;
				LastUpgradeCheck = 1430;
			};
			buildConfigurationList = 0683E7BBFEB6B61DC1844D52 /* Build configuration list for PBXProject "ShinobiTerm" */;
			compatibilityVersion = "Xcode 14.0";
			developmentRegion = en;
			hasScannedForEncodings = 0;
			knownRegions = (
				Base,
				en,
			);
			mainGroup = 466A766EF23226E3EC131878;
			minimizedProjectReferenceProxies = 1;
			packageReferences = (
				49AFE75F0582E46B5402F411 /* XCRemoteSwiftPackageReference "Citadel" */,
				CFDFAD2B4A506E393397989D /* XCRemoteSwiftPackageReference "SwiftTerm" */,
			);
			preferredProjectObjectVersion = 77;
			projectDirPath = "";
			projectRoot = "";
			targets = (
				3BC5274FA8942DAC8BF55B03 /* ShinobiTerm */,
			);
		};
/* End PBXProject section */

/* Begin PBXResourcesBuildPhase section */
		4C70EF9DB166B430A80A03F7 /* Resources */ = {
			isa = PBXResourcesBuildPhase;
			buildActionMask = 2147483647;
			files = (
				CF4BB5E4CA084CDC5F12D319 /* Assets.xcassets in Resources */,
			);
			runOnlyForDeploymentPostprocessing = 0;
		};
/* End PBXResourcesBuildPhase section */

/* Begin PBXSourcesBuildPhase section */
		61C7E06293DC7FCB6B6D7022 /* Sources */ = {
			isa = PBXSourcesBuildPhase;
			buildActionMask = 2147483647;
			files = (
				2AEC83726A4F5873AF474E94 /* AppSettings.swift in Sources */,
				C7D96C3496C225E6D4891E13 /* ConnectionFormView.swift in Sources */,
				18FA6FEA2CF3F4147095BADD /* ConnectionListView.swift in Sources */,
				1EE7A516D78A3BED75070F51 /* ConnectionProfile.swift in Sources */,
				2A83F96C43778DEAD96242FD /* ContentView.swift in Sources */,
				11C4DC91DB7823D380CD190E /* ExtraKeysView.swift in Sources */,
				6E646055AE492952F340D48A /* FontManager.swift in Sources */,
				63B428D8E299375C4363E76E /* KeychainService.swift in Sources */,
				F445099755E698984D90E636 /* SSHConnectionManager.swift in Sources */,
				12207A3BD8CCEDC47FB48765 /* SSHSession.swift in Sources */,
				AD67D1388B126606BEBB95D6 /* SettingsView.swift in Sources */,
				A513B7E3EE94DFB9DBCA4976 /* ShinobiTermApp.swift in Sources */,
				DBD3F4BC548BAFD7F481D7EC /* ShinobiTerminalView.swift in Sources */,
				92B9AE7BF6C93FEF441B83D2 /* TerminalContainerView.swift in Sources */,
				9451BFA8DDFD46C034D9E540 /* TmuxAttachView.swift in Sources */,
				2061799C55A45E3F00365D9C /* TmuxService.swift in Sources */,
			);
			runOnlyForDeploymentPostprocessing = 0;
		};
/* End PBXSourcesBuildPhase section */

/* Begin XCBuildConfiguration section */
		6884FB64B2A85A10585071E4 /* Release */ = {
			isa = XCBuildConfiguration;
			buildSettings = {
				ALWAYS_SEARCH_USER_PATHS = NO;
				CLANG_ANALYZER_NONNULL = YES;
				CLANG_ANALYZER_NUMBER_OBJECT_CONVERSION = YES_AGGRESSIVE;
				CLANG_CXX_LANGUAGE_STANDARD = "gnu++14";
				CLANG_CXX_LIBRARY = "libc++";
				CLANG_ENABLE_EXPLICIT_MODULES = NO;
				CLANG_ENABLE_MODULES = YES;
				CLANG_ENABLE_OBJC_ARC = YES;
				CLANG_ENABLE_OBJC_WEAK = YES;
				CLANG_WARN_BLOCK_CAPTURE_AUTORELEASING = YES;
				CLANG_WARN_BOOL_CONVERSION = YES;
				CLANG_WARN_COMMA = YES;
				CLANG_WARN_CONSTANT_CONVERSION = YES;
				CLANG_WARN_DEPRECATED_OBJC_IMPLEMENTATIONS = YES;
				CLANG_WARN_DIRECT_OBJC_ISA_USAGE = YES_ERROR;
				CLANG_WARN_DOCUMENTATION_COMMENTS = YES;
				CLANG_WARN_EMPTY_BODY = YES;
				CLANG_WARN_ENUM_CONVERSION = YES;
				CLANG_WARN_INFINITE_RECURSION = YES;
				CLANG_WARN_INT_CONVERSION = YES;
				CLANG_WARN_NON_LITERAL_NULL_CONVERSION = YES;
				CLANG_WARN_OBJC_IMPLICIT_RETAIN_SELF = YES;
				CLANG_WARN_OBJC_LITERAL_CONVERSION = YES;
				CLANG_WARN_OBJC_ROOT_CLASS = YES_ERROR;
				CLANG_WARN_QUOTED_INCLUDE_IN_FRAMEWORK_HEADER = YES;
				CLANG_WARN_RANGE_LOOP_ANALYSIS = YES;
				CLANG_WARN_STRICT_PROTOTYPES = YES;
				CLANG_WARN_SUSPICIOUS_MOVE = YES;
				CLANG_WARN_UNGUARDED_AVAILABILITY = YES_AGGRESSIVE;
				CLANG_WARN_UNREACHABLE_CODE = YES;
				CLANG_WARN__DUPLICATE_METHOD_MATCH = YES;
				COPY_PHASE_STRIP = NO;
				DEBUG_INFORMATION_FORMAT = "dwarf-with-dsym";
				ENABLE_NS_ASSERTIONS = NO;
				ENABLE_STRICT_OBJC_MSGSEND = YES;
				GCC_C_LANGUAGE_STANDARD = gnu11;
				GCC_NO_COMMON_BLOCKS = YES;
				GCC_WARN_64_TO_32_BIT_CONVERSION = YES;
				GCC_WARN_ABOUT_RETURN_TYPE = YES_ERROR;
				GCC_WARN_UNDECLARED_SELECTOR = YES;
				GCC_WARN_UNINITIALIZED_AUTOS = YES_AGGRESSIVE;
				GCC_WARN_UNUSED_FUNCTION = YES;
				GCC_WARN_UNUSED_VARIABLE = YES;
				IPHONEOS_DEPLOYMENT_TARGET = 17.0;
				MTL_ENABLE_DEBUG_INFO = NO;
				MTL_FAST_MATH = YES;
				PRODUCT_NAME = "$(TARGET_NAME)";
				SDKROOT = iphoneos;
				SWIFT_COMPILATION_MODE = wholemodule;
				SWIFT_ENABLE_EXPLICIT_MODULES = NO;
				SWIFT_OPTIMIZATION_LEVEL = "-O";
				SWIFT_VERSION = 5.0;
			};
			name = Release;
		};
		B11360519C41A8A29D26595A /* Debug */ = {
			isa = XCBuildConfiguration;
			buildSettings = {
				ASSETCATALOG_COMPILER_APPICON_NAME = AppIcon;
				CODE_SIGN_IDENTITY = "iPhone Developer";
				CURRENT_PROJECT_VERSION = 1;
				INFOPLIST_FILE = ShinobiTerm/Info.plist;
				LD_RUNPATH_SEARCH_PATHS = (
					"$(inherited)",
					"@executable_path/Frameworks",
				);
				MARKETING_VERSION = 1.0.0;
				PRODUCT_BUNDLE_IDENTIFIER = com.shinobiterm.app;
				SDKROOT = iphoneos;
				SUPPORTS_XR_DESIGNED_FOR_IPHONE_IPAD = NO;
				SWIFT_VERSION = 5.9;
				TARGETED_DEVICE_FAMILY = "1,2";
			};
			name = Debug;
		};
		D86C4080F6463F69C8F60D60 /* Debug */ = {
			isa = XCBuildConfiguration;
			buildSettings = {
				ALWAYS_SEARCH_USER_PATHS = NO;
				CLANG_ANALYZER_NONNULL = YES;
				CLANG_ANALYZER_NUMBER_OBJECT_CONVERSION = YES_AGGRESSIVE;
				CLANG_CXX_LANGUAGE_STANDARD = "gnu++14";
				CLANG_CXX_LIBRARY = "libc++";
				CLANG_ENABLE_EXPLICIT_MODULES = NO;
				CLANG_ENABLE_MODULES = YES;
				CLANG_ENABLE_OBJC_ARC = YES;
				CLANG_ENABLE_OBJC_WEAK = YES;
				CLANG_WARN_BLOCK_CAPTURE_AUTORELEASING = YES;
				CLANG_WARN_BOOL_CONVERSION = YES;
				CLANG_WARN_COMMA = YES;
				CLANG_WARN_CONSTANT_CONVERSION = YES;
				CLANG_WARN_DEPRECATED_OBJC_IMPLEMENTATIONS = YES;
				CLANG_WARN_DIRECT_OBJC_ISA_USAGE = YES_ERROR;
				CLANG_WARN_DOCUMENTATION_COMMENTS = YES;
				CLANG_WARN_EMPTY_BODY = YES;
				CLANG_WARN_ENUM_CONVERSION = YES;
				CLANG_WARN_INFINITE_RECURSION = YES;
				CLANG_WARN_INT_CONVERSION = YES;
				CLANG_WARN_NON_LITERAL_NULL_CONVERSION = YES;
				CLANG_WARN_OBJC_IMPLICIT_RETAIN_SELF = YES;
				CLANG_WARN_OBJC_LITERAL_CONVERSION = YES;
				CLANG_WARN_OBJC_ROOT_CLASS = YES_ERROR;
				CLANG_WARN_QUOTED_INCLUDE_IN_FRAMEWORK_HEADER = YES;
				CLANG_WARN_RANGE_LOOP_ANALYSIS = YES;
				CLANG_WARN_STRICT_PROTOTYPES = YES;
				CLANG_WARN_SUSPICIOUS_MOVE = YES;
				CLANG_WARN_UNGUARDED_AVAILABILITY = YES_AGGRESSIVE;
				CLANG_WARN_UNREACHABLE_CODE = YES;
				CLANG_WARN__DUPLICATE_METHOD_MATCH = YES;
				COPY_PHASE_STRIP = NO;
				DEBUG_INFORMATION_FORMAT = dwarf;
				ENABLE_STRICT_OBJC_MSGSEND = YES;
				ENABLE_TESTABILITY = YES;
				GCC_C_LANGUAGE_STANDARD = gnu11;
				GCC_DYNAMIC_NO_PIC = NO;
				GCC_NO_COMMON_BLOCKS = YES;
				GCC_OPTIMIZATION_LEVEL = 0;
				GCC_PREPROCESSOR_DEFINITIONS = (
					"$(inherited)",
					"DEBUG=1",
				);
				GCC_WARN_64_TO_32_BIT_CONVERSION = YES;
				GCC_WARN_ABOUT_RETURN_TYPE = YES_ERROR;
				GCC_WARN_UNDECLARED_SELECTOR = YES;
				GCC_WARN_UNINITIALIZED_AUTOS = YES_AGGRESSIVE;
				GCC_WARN_UNUSED_FUNCTION = YES;
				GCC_WARN_UNUSED_VARIABLE = YES;
				IPHONEOS_DEPLOYMENT_TARGET = 17.0;
				MTL_ENABLE_DEBUG_INFO = INCLUDE_SOURCE;
				MTL_FAST_MATH = YES;
				ONLY_ACTIVE_ARCH = YES;
				PRODUCT_NAME = "$(TARGET_NAME)";
				SDKROOT = iphoneos;
				SWIFT_ACTIVE_COMPILATION_CONDITIONS = DEBUG;
				SWIFT_ENABLE_EXPLICIT_MODULES = NO;
				SWIFT_OPTIMIZATION_LEVEL = "-Onone";
				SWIFT_VERSION = 5.0;
			};
			name = Debug;
		};
		F51CF2FA9DEDC8DA1B32A9B2 /* Release */ = {
			isa = XCBuildConfiguration;
			buildSettings = {
				ASSETCATALOG_COMPILER_APPICON_NAME = AppIcon;
				CODE_SIGN_IDENTITY = "iPhone Developer";
				CURRENT_PROJECT_VERSION = 1;
				INFOPLIST_FILE = ShinobiTerm/Info.plist;
				LD_RUNPATH_SEARCH_PATHS = (
					"$(inherited)",
					"@executable_path/Frameworks",
				);
				MARKETING_VERSION = 1.0.0;
				PRODUCT_BUNDLE_IDENTIFIER = com.shinobiterm.app;
				SDKROOT = iphoneos;
				SUPPORTS_XR_DESIGNED_FOR_IPHONE_IPAD = NO;
				SWIFT_VERSION = 5.9;
				TARGETED_DEVICE_FAMILY = "1,2";
			};
			name = Release;
		};
/* End XCBuildConfiguration section */

/* Begin XCConfigurationList section */
		0683E7BBFEB6B61DC1844D52 /* Build configuration list for PBXProject "ShinobiTerm" */ = {
			isa = XCConfigurationList;
			buildConfigurations = (
				D86C4080F6463F69C8F60D60 /* Debug */,
				6884FB64B2A85A10585071E4 /* Release */,
			);
			defaultConfigurationIsVisible = 0;
			defaultConfigurationName = Debug;
		};
		BED8AFE623FCA4B42BF78E4A /* Build configuration list for PBXNativeTarget "ShinobiTerm" */ = {
			isa = XCConfigurationList;
			buildConfigurations = (
				B11360519C41A8A29D26595A /* Debug */,
				F51CF2FA9DEDC8DA1B32A9B2 /* Release */,
			);
			defaultConfigurationIsVisible = 0;
			defaultConfigurationName = Debug;
		};
/* End XCConfigurationList section */

/* Begin XCRemoteSwiftPackageReference section */
		49AFE75F0582E46B5402F411 /* XCRemoteSwiftPackageReference "Citadel" */ = {
			isa = XCRemoteSwiftPackageReference;
			repositoryURL = "https://github.com/orlandos-nl/Citadel.git";
			requirement = {
				branch = main;
				kind = branch;
			};
		};
		CFDFAD2B4A506E393397989D /* XCRemoteSwiftPackageReference "SwiftTerm" */ = {
			isa = XCRemoteSwiftPackageReference;
			repositoryURL = "https://github.com/migueldeicaza/SwiftTerm.git";
			requirement = {
				branch = main;
				kind = branch;
			};
		};
/* End XCRemoteSwiftPackageReference section */

/* Begin XCSwiftPackageProductDependency section */
		88862A6E66F0F0C815DA5821 /* SwiftTerm */ = {
			isa = XCSwiftPackageProductDependency;
			package = CFDFAD2B4A506E393397989D /* XCRemoteSwiftPackageReference "SwiftTerm" */;
			productName = SwiftTerm;
		};
		CF897CAD1A8FFC1096C6E000 /* Citadel */ = {
			isa = XCSwiftPackageProductDependency;
			package = 49AFE75F0582E46B5402F411 /* XCRemoteSwiftPackageReference "Citadel" */;
			productName = Citadel;
		};
/* End XCSwiftPackageProductDependency section */
	};
	rootObject = 7FCD242DA81EC0DE11771B8D /* Project object */;
}
